
Microsoft Visual Studio Solution File, Format Version 12.00
# Visual Studio 15
VisualStudioVersion = 15.0.28307.168
MinimumVisualStudioVersion = 10.0.40219.1
Project("{FAE04EC0-301F-11D3-BF4B-00C04F79EFBC}") = "Bank", "Bank\Bank.csproj", "{F4E53655-456E-4A29-825A-5EE6382080F9}"
EndProject
Project("{FAE04EC0-301F-11D3-BF4B-00C04F79EFBC}") = "BankTests", "UnitTestProject1\BankTests.csproj", "{F914F57F-43B3-40A1-BDD5-C38E6F52AFA7}"
EndProject
Global
	GlobalSection(SolutionConfigurationPlatforms) = preSolution
		Debug|Any CPU = Debug|Any CPU
		Release|Any CPU = Release|Any CPU
	EndGlobalSection
	GlobalSection(ProjectConfigurationPlatforms) = postSolution
		{F4E53655-456E-4A29-825A-5EE6382080F9}.Debug|Any CPU.ActiveCfg = Debug|Any CPU
		{F4E53655-456E-4A29-825A-5EE6382080F9}.Debug|Any CPU.Build.0 = Debug|Any CPU
		{F4E53655-456E-4A29-825A-5EE6382080F9}.Release|Any CPU.ActiveCfg = Release|Any CPU
		{F4E53655-456E-4A29-825A-5EE6382080F9}.Release|Any CPU.Build.0 = Release|Any CPU
		{F914F57F-43B3-40A1-BDD5-C38E6F52AFA7}.Debug|Any CPU.ActiveCfg = Debug|Any CPU
		{F914F57F-43B3-40A1-BDD5-C38E6F52AFA7}.Debug|Any CPU.Build.0 = Debug|Any CPU
		{F914F57F-43B3-40A1-BDD5-C38E6F52AFA7}.Release|Any CPU.ActiveCfg = Release|Any CPU
		{F914F57F-43B3-40A1-BDD5-C38E6F52AFA7}.Release|Any CPU.Build.0 = Release|Any CPU
	EndGlobalSection
	GlobalSection(SolutionProperties) = preSolution
		HideSolutionNode = FALSE
	EndGlobalSection
	GlobalSection(ExtensibilityGlobals) = postSolution
		SolutionGuid = {DFDC5C5E-EF21-44D8-A48E-87B1B2626F0D}
	EndGlobalSection
EndGlobal
